
Microsoft Visual Studio Solution File, Format Version 12.00
# Visual Studio 2017
Project("{FAE04EC0-301F-11D3-BF4B-00C04F79EFBC}") = "FruitNinjaReplica", "FruitNinjaReplica.csproj", "{513B41C6-757D-8AED-F8C0-09BE00587D0C}"
EndProject
Global
	GlobalSection(SolutionConfigurationPlatforms) = preSolution
		Debug|Any CPU = Debug|Any CPU
		Release|Any CPU = Release|Any CPU
	EndGlobalSection
	GlobalSection(ProjectConfigurationPlatforms) = postSolution
		{513B41C6-757D-8AED-F8C0-09BE00587D0C}.Debug|Any CPU.ActiveCfg = Debug|Any CPU
		{513B41C6-757D-8AED-F8C0-09BE00587D0C}.Debug|Any CPU.Build.0 = Debug|Any CPU
		{513B41C6-757D-8AED-F8C0-09BE00587D0C}.Release|Any CPU.ActiveCfg = Release|Any CPU
		{513B41C6-757D-8AED-F8C0-09BE00587D0C}.Release|Any CPU.Build.0 = Release|Any CPU
	EndGlobalSection
	GlobalSection(SolutionProperties) = preSolution
		HideSolutionNode = FALSE
	EndGlobalSection
EndGlobal
